
Microsoft Visual Studio Solution File, Format Version 12.00
# Visual Studio Version 17
VisualStudioVersion = 17.5.002.0
MinimumVisualStudioVersion = 10.0.40219.1
Project("{9A19103F-16F7-4668-BE54-9A1E7A4F7556}") = "MyWebApi", "MyWebApi.csproj", "{4E2C0F61-70F8-44AA-BB80-EAB56B907A06}"
EndProject
Global
	GlobalSection(SolutionConfigurationPlatforms) = preSolution
		Debug|Any CPU = Debug|Any CPU
		Release|Any CPU = Release|Any CPU
	EndGlobalSection
	GlobalSection(ProjectConfigurationPlatforms) = postSolution
		{4E2C0F61-70F8-44AA-BB80-EAB56B907A06}.Debug|Any CPU.ActiveCfg = Debug|Any CPU
		{4E2C0F61-70F8-44AA-BB80-EAB56B907A06}.Debug|Any CPU.Build.0 = Debug|Any CPU
		{4E2C0F61-70F8-44AA-BB80-EAB56B907A06}.Release|Any CPU.ActiveCfg = Release|Any CPU
		{4E2C0F61-70F8-44AA-BB80-EAB56B907A06}.Release|Any CPU.Build.0 = Release|Any CPU
	EndGlobalSection
	GlobalSection(SolutionProperties) = preSolution
		HideSolutionNode = FALSE
	EndGlobalSection
	GlobalSection(ExtensibilityGlobals) = postSolution
		SolutionGuid = {5D778FA2-79B4-4E7C-81A3-C17681F72A48}
	EndGlobalSection
EndGlobal
